schema: '2.0'
stages:
  preprocess:
    cmd: python src/preprocess.py
    deps:
    - path: data/raw/data.csv
      hash: md5
      md5: 739f3c9177b13d1c15aa060046cfb023
      size: 23872
    - path: src/preprocess.py
      hash: md5
      md5: e47d8d6c514d11b8d1b9d2b2d9837f3a
      size: 462
    params:
      params.yaml:
        preprocess.input: data/raw/data.csv
        preprocess.output: data/processed/data.csv
    outs:
    - path: data/processed/data.csv
      hash: md5
      md5: d3a6c594ad478027e868aa74aa05057e
      size: 23289
  train:
    cmd: python src/train.py
    deps:
    - path: data/processed/data.csv
      hash: md5
      md5: d3a6c594ad478027e868aa74aa05057e
      size: 23289
    - path: src/train.py
      hash: md5
      md5: 1d033b80d679b2bf68660a88ce2baf6a
      size: 3443
    params:
      params.yaml:
        train.data: data/processed/data.csv
        train.max_depth: 5
        train.model: models/model.pkl
        train.n_estimators: 100
        train.random_state: 42
    outs:
    - path: models/model.pkl
      hash: md5
      md5: db92e89d62f443dd8296753e5b0a4e67
      size: 833862
  evaluate:
    cmd: python src/evaluate.py
    deps:
    - path: data/processed/data.csv
      hash: md5
      md5: d3a6c594ad478027e868aa74aa05057e
      size: 23289
    - path: models/model.pkl
      hash: md5
      md5: db92e89d62f443dd8296753e5b0a4e67
      size: 833862
    - path: src/evaluate.py
      hash: md5
      md5: b08f92cfd57a6c20b5968c28464cad5e
      size: 1307
    params:
      params.yaml:
        train.data: data/processed/data.csv
        train.model: models/model.pkl
    outs:
    - path: metrics.json
      hash: md5
      md5: 9230f5e4a4a3cbf6ba66ac1d974f8acc
      size: 27
